# THIS IS AN AUTOGENERATED FILE. DO NOT EDIT THIS FILE DIRECTLY.
# yarn lockfile v1


"@types/node@*":
  version "10.12.19"
  resolved "https://registry.yarnpkg.com/@types/node/-/node-10.12.19.tgz#ca1018c26be01f07e66ac7fefbeb6407e4490c61"

parse5@^3.0.2:
  version "3.0.3"
  resolved "https://registry.yarnpkg.com/parse5/-/parse5-3.0.3.tgz#042f792ffdd36851551cf4e9e066b3874ab45b5c"
  dependencies:
    "@types/node" "*"

react-attr-converter@^0.3.1:
  version "0.3.1"
  resolved "https://registry.yarnpkg.com/react-attr-converter/-/react-attr-converter-0.3.1.tgz#4a2abf6d907b7ddae4d862dfec80e489ce41ad6e"

react-render-html@^0.6.0:
  version "0.6.0"
  resolved "https://registry.yarnpkg.com/react-render-html/-/react-render-html-0.6.0.tgz#1af51d859ed75474435a1c65c293a48e12c36627"
  dependencies:
    parse5 "^3.0.2"
    react-attr-converter "^0.3.1"
